
Microsoft Visual Studio Solution File, Format Version 12.00
# Visual Studio Version 17
VisualStudioVersion = 17.5.33424.131
MinimumVisualStudioVersion = 10.0.40219.1
Project("{FAE04EC0-301F-11D3-BF4B-00C04F79EFBC}") = "Calcium", "Calcium\Calcium.csproj", "{E8464F78-173D-486B-AC42-5B4D98ECD6E9}"
EndProject
Global
	GlobalSection(SolutionConfigurationPlatforms) = preSolution
		Debug|Any CPU = Debug|Any CPU
		Release|Any CPU = Release|Any CPU
	EndGlobalSection
	GlobalSection(ProjectConfigurationPlatforms) = postSolution
		{E8464F78-173D-486B-AC42-5B4D98ECD6E9}.Debug|Any CPU.ActiveCfg = Debug|Any CPU
		{E8464F78-173D-486B-AC42-5B4D98ECD6E9}.Debug|Any CPU.Build.0 = Debug|Any CPU
		{E8464F78-173D-486B-AC42-5B4D98ECD6E9}.Release|Any CPU.ActiveCfg = Release|Any CPU
		{E8464F78-173D-486B-AC42-5B4D98ECD6E9}.Release|Any CPU.Build.0 = Release|Any CPU
	EndGlobalSection
	GlobalSection(SolutionProperties) = preSolution
		HideSolutionNode = FALSE
	EndGlobalSection
	GlobalSection(ExtensibilityGlobals) = postSolution
		SolutionGuid = {BAF644B1-DD37-47B3-AFFD-9F0153532ED4}
	EndGlobalSection
EndGlobal
